
Microsoft Visual Studio Solution File, Format Version 12.00
# Visual Studio 15
VisualStudioVersion = 15.0.26730.8
MinimumVisualStudioVersion = 10.0.40219.1
Project("{9A19103F-16F7-4668-BE54-9A1E7A4F7556}") = "AspNetCoreSecurity", "src\AspNetCoreSecurity\AspNetCoreSecurity.csproj", "{C509FE48-C117-4929-8DCC-84921E5ED7B5}"
EndProject
Project("{9A19103F-16F7-4668-BE54-9A1E7A4F7556}") = "Client", "src\Client\Client.csproj", "{367B58CA-E785-4CE5-8988-BFB09F1779DA}"
EndProject
Global
	GlobalSection(SolutionConfigurationPlatforms) = preSolution
		Debug|Any CPU = Debug|Any CPU
		Release|Any CPU = Release|Any CPU
	EndGlobalSection
	GlobalSection(ProjectConfigurationPlatforms) = postSolution
		{C509FE48-C117-4929-8DCC-84921E5ED7B5}.Debug|Any CPU.ActiveCfg = Debug|Any CPU
		{C509FE48-C117-4929-8DCC-84921E5ED7B5}.Debug|Any CPU.Build.0 = Debug|Any CPU
		{C509FE48-C117-4929-8DCC-84921E5ED7B5}.Release|Any CPU.ActiveCfg = Release|Any CPU
		{C509FE48-C117-4929-8DCC-84921E5ED7B5}.Release|Any CPU.Build.0 = Release|Any CPU
		{367B58CA-E785-4CE5-8988-BFB09F1779DA}.Debug|Any CPU.ActiveCfg = Debug|Any CPU
		{367B58CA-E785-4CE5-8988-BFB09F1779DA}.Debug|Any CPU.Build.0 = Debug|Any CPU
		{367B58CA-E785-4CE5-8988-BFB09F1779DA}.Release|Any CPU.ActiveCfg = Release|Any CPU
		{367B58CA-E785-4CE5-8988-BFB09F1779DA}.Release|Any CPU.Build.0 = Release|Any CPU
	EndGlobalSection
	GlobalSection(SolutionProperties) = preSolution
		HideSolutionNode = FALSE
	EndGlobalSection
	GlobalSection(ExtensibilityGlobals) = postSolution
		SolutionGuid = {E33ECD1A-DAB3-4B84-9AE6-7400D797E787}
	EndGlobalSection
EndGlobal
