
Microsoft Visual Studio Solution File, Format Version 12.00
# Visual Studio 15
VisualStudioVersion = 15.0.27130.2026
MinimumVisualStudioVersion = 10.0.40219.1
Project("{2150E333-8FDC-42A3-9474-1A3956D46DE8}") = "src", "src", "{1F9B6018-D832-4EB2-8984-3E136E10C65F}"
EndProject
Project("{2150E333-8FDC-42A3-9474-1A3956D46DE8}") = "Solution Items", "Solution Items", "{5E841038-32BB-42B1-B110-F5EB2F4D3029}"
EndProject
Project("{9A19103F-16F7-4668-BE54-9A1E7A4F7556}") = "Authorization", "src\AspNetCoreAuthentication\Authorization.csproj", "{963B39C0-FA62-40EE-9B3A-974B0DFBD7F0}"
EndProject
Global
	GlobalSection(SolutionConfigurationPlatforms) = preSolution
		Debug|Any CPU = Debug|Any CPU
		Release|Any CPU = Release|Any CPU
	EndGlobalSection
	GlobalSection(ProjectConfigurationPlatforms) = postSolution
		{963B39C0-FA62-40EE-9B3A-974B0DFBD7F0}.Debug|Any CPU.ActiveCfg = Debug|Any CPU
		{963B39C0-FA62-40EE-9B3A-974B0DFBD7F0}.Debug|Any CPU.Build.0 = Debug|Any CPU
		{963B39C0-FA62-40EE-9B3A-974B0DFBD7F0}.Release|Any CPU.ActiveCfg = Release|Any CPU
		{963B39C0-FA62-40EE-9B3A-974B0DFBD7F0}.Release|Any CPU.Build.0 = Release|Any CPU
	EndGlobalSection
	GlobalSection(SolutionProperties) = preSolution
		HideSolutionNode = FALSE
	EndGlobalSection
	GlobalSection(NestedProjects) = preSolution
		{963B39C0-FA62-40EE-9B3A-974B0DFBD7F0} = {1F9B6018-D832-4EB2-8984-3E136E10C65F}
	EndGlobalSection
	GlobalSection(ExtensibilityGlobals) = postSolution
		SolutionGuid = {E5485F29-C0CD-4692-BE17-2AE587CABC58}
	EndGlobalSection
EndGlobal
