
Microsoft Visual Studio Solution File, Format Version 12.00
# Visual Studio 15
VisualStudioVersion = 15.0.26403.7
MinimumVisualStudioVersion = 10.0.40219.1
Project("{2150E333-8FDC-42A3-9474-1A3956D46DE8}") = "src", "src", "{67606815-81F3-46C6-A8A3-CFF4AD207E82}"
EndProject
Project("{2150E333-8FDC-42A3-9474-1A3956D46DE8}") = "Solution Items", "Solution Items", "{3340C465-214A-49A6-8026-64020EBCD161}"
EndProject
Project("{9A19103F-16F7-4668-BE54-9A1E7A4F7556}") = "SpaClientApp", "src\SpaClientApp\SpaClientApp.csproj", "{1CA0D6F0-1FB3-468A-A697-EBB9DFAC67AE}"
EndProject
Global
	GlobalSection(SolutionConfigurationPlatforms) = preSolution
		Debug|Any CPU = Debug|Any CPU
		Release|Any CPU = Release|Any CPU
	EndGlobalSection
	GlobalSection(ProjectConfigurationPlatforms) = postSolution
		{1CA0D6F0-1FB3-468A-A697-EBB9DFAC67AE}.Debug|Any CPU.ActiveCfg = Debug|Any CPU
		{1CA0D6F0-1FB3-468A-A697-EBB9DFAC67AE}.Debug|Any CPU.Build.0 = Debug|Any CPU
		{1CA0D6F0-1FB3-468A-A697-EBB9DFAC67AE}.Release|Any CPU.ActiveCfg = Release|Any CPU
		{1CA0D6F0-1FB3-468A-A697-EBB9DFAC67AE}.Release|Any CPU.Build.0 = Release|Any CPU
	EndGlobalSection
	GlobalSection(SolutionProperties) = preSolution
		HideSolutionNode = FALSE
	EndGlobalSection
	GlobalSection(NestedProjects) = preSolution
		{1CA0D6F0-1FB3-468A-A697-EBB9DFAC67AE} = {67606815-81F3-46C6-A8A3-CFF4AD207E82}
	EndGlobalSection
EndGlobal
