
Microsoft Visual Studio Solution File, Format Version 12.00
# Visual Studio Version 16
VisualStudioVersion = 16.0.29306.81
MinimumVisualStudioVersion = 10.0.40219.1
Project("{9A19103F-16F7-4668-BE54-9A1E7A4F7556}") = "Client", "Client\Client.csproj", "{6FB77EF7-F60F-4DEB-9402-711F015C23E5}"
EndProject
Global
	GlobalSection(SolutionConfigurationPlatforms) = preSolution
		Debug|Any CPU = Debug|Any CPU
		Release|Any CPU = Release|Any CPU
	EndGlobalSection
	GlobalSection(ProjectConfigurationPlatforms) = postSolution
		{6FB77EF7-F60F-4DEB-9402-711F015C23E5}.Debug|Any CPU.ActiveCfg = Debug|Any CPU
		{6FB77EF7-F60F-4DEB-9402-711F015C23E5}.Debug|Any CPU.Build.0 = Debug|Any CPU
		{6FB77EF7-F60F-4DEB-9402-711F015C23E5}.Release|Any CPU.ActiveCfg = Release|Any CPU
		{6FB77EF7-F60F-4DEB-9402-711F015C23E5}.Release|Any CPU.Build.0 = Release|Any CPU
	EndGlobalSection
	GlobalSection(SolutionProperties) = preSolution
		HideSolutionNode = FALSE
	EndGlobalSection
	GlobalSection(ExtensibilityGlobals) = postSolution
		SolutionGuid = {E33ECD1A-DAB3-4B84-9AE6-7400D797E787}
	EndGlobalSection
EndGlobal
