
Microsoft Visual Studio Solution File, Format Version 12.00
# Visual Studio 14
VisualStudioVersion = 14.0.24720.0
MinimumVisualStudioVersion = 10.0.40219.1
Project("{2150E333-8FDC-42A3-9474-1A3956D46DE8}") = "src", "src", "{CF783397-F98D-4A2D-8EC2-D1264C8F0402}"
EndProject
Project("{2150E333-8FDC-42A3-9474-1A3956D46DE8}") = "Solution Items", "Solution Items", "{428FE87F-1F67-40DE-BDB0-267BAFE49430}"
	ProjectSection(SolutionItems) = preProject
		global.json = global.json
	EndProjectSection
EndProject
Project("{8BB2217D-0F2D-49D1-97BC-3654ED321F3B}") = "DataProtectionDemo", "src\DataProtectionDemo\DataProtectionDemo.xproj", "{074F6812-DC7E-4CC0-A833-D49F2C3F7B2C}"
EndProject
Global
	GlobalSection(SolutionConfigurationPlatforms) = preSolution
		Debug|Any CPU = Debug|Any CPU
		Release|Any CPU = Release|Any CPU
	EndGlobalSection
	GlobalSection(ProjectConfigurationPlatforms) = postSolution
		{074F6812-DC7E-4CC0-A833-D49F2C3F7B2C}.Debug|Any CPU.ActiveCfg = Debug|Any CPU
		{074F6812-DC7E-4CC0-A833-D49F2C3F7B2C}.Debug|Any CPU.Build.0 = Debug|Any CPU
		{074F6812-DC7E-4CC0-A833-D49F2C3F7B2C}.Release|Any CPU.ActiveCfg = Release|Any CPU
		{074F6812-DC7E-4CC0-A833-D49F2C3F7B2C}.Release|Any CPU.Build.0 = Release|Any CPU
	EndGlobalSection
	GlobalSection(SolutionProperties) = preSolution
		HideSolutionNode = FALSE
	EndGlobalSection
	GlobalSection(NestedProjects) = preSolution
		{074F6812-DC7E-4CC0-A833-D49F2C3F7B2C} = {CF783397-F98D-4A2D-8EC2-D1264C8F0402}
	EndGlobalSection
EndGlobal
